
Microsoft Visual Studio Solution File, Format Version 10.00
# Visual Studio 2008
Project("{FAE04EC0-301F-11D3-BF4B-00C04F79EFBC}") = "BTC655_Demo", "BWTEKUSB_TEST\BTC655_Demo.csproj", "{60E60AC4-E0FB-40CE-927C-967B445834B4}"
EndProject
Global
	GlobalSection(SolutionConfigurationPlatforms) = preSolution
		Debug|Any CPU = Debug|Any CPU
		Release|Any CPU = Release|Any CPU
	EndGlobalSection
	GlobalSection(ProjectConfigurationPlatforms) = postSolution
		{60E60AC4-E0FB-40CE-927C-967B445834B4}.Debug|Any CPU.ActiveCfg = Debug|Any CPU
		{60E60AC4-E0FB-40CE-927C-967B445834B4}.Debug|Any CPU.Build.0 = Debug|Any CPU
		{60E60AC4-E0FB-40CE-927C-967B445834B4}.Release|Any CPU.ActiveCfg = Release|Any CPU
		{60E60AC4-E0FB-40CE-927C-967B445834B4}.Release|Any CPU.Build.0 = Release|Any CPU
	EndGlobalSection
	GlobalSection(SolutionProperties) = preSolution
		HideSolutionNode = FALSE
	EndGlobalSection
EndGlobal
